
Microsoft Visual Studio Solution File, Format Version 12.00
# Visual Studio Version 16
VisualStudioVersion = 16.0.30611.23
MinimumVisualStudioVersion = 10.0.40219.1
Project("{9A19103F-16F7-4668-BE54-9A1E7A4F7556}") = "HeroiconsTagHelper", "src\HeroiconsTagHelper.csproj", "{FBD1EFF0-360A-4D88-AA08-525FDA4DF972}"
EndProject
Project("{2150E333-8FDC-42A3-9474-1A3956D46DE8}") = "Solution Items", "Solution Items", "{23F1CB61-0E53-4E6C-A71F-592441EDBAD2}"
	ProjectSection(SolutionItems) = preProject
		.editorconfig = .editorconfig
	EndProjectSection
EndProject
Project("{FAE04EC0-301F-11D3-BF4B-00C04F79EFBC}") = "HeroiconsTagHelperTests", "test\HeroiconsTagHelperTests.csproj", "{E8846EB7-AAD0-440F-8077-D097436AB53E}"
EndProject
Project("{FAE04EC0-301F-11D3-BF4B-00C04F79EFBC}") = "Sample", "sample\Sample.csproj", "{11897DA3-A787-4D94-81B2-224EEF36E0CB}"
EndProject
Global
	GlobalSection(SolutionConfigurationPlatforms) = preSolution
		Debug|Any CPU = Debug|Any CPU
		Release|Any CPU = Release|Any CPU
	EndGlobalSection
	GlobalSection(ProjectConfigurationPlatforms) = postSolution
		{FBD1EFF0-360A-4D88-AA08-525FDA4DF972}.Debug|Any CPU.ActiveCfg = Debug|Any CPU
		{FBD1EFF0-360A-4D88-AA08-525FDA4DF972}.Debug|Any CPU.Build.0 = Debug|Any CPU
		{FBD1EFF0-360A-4D88-AA08-525FDA4DF972}.Release|Any CPU.ActiveCfg = Release|Any CPU
		{FBD1EFF0-360A-4D88-AA08-525FDA4DF972}.Release|Any CPU.Build.0 = Release|Any CPU
		{E8846EB7-AAD0-440F-8077-D097436AB53E}.Debug|Any CPU.ActiveCfg = Debug|Any CPU
		{E8846EB7-AAD0-440F-8077-D097436AB53E}.Debug|Any CPU.Build.0 = Debug|Any CPU
		{E8846EB7-AAD0-440F-8077-D097436AB53E}.Release|Any CPU.ActiveCfg = Release|Any CPU
		{E8846EB7-AAD0-440F-8077-D097436AB53E}.Release|Any CPU.Build.0 = Release|Any CPU
		{11897DA3-A787-4D94-81B2-224EEF36E0CB}.Debug|Any CPU.ActiveCfg = Debug|Any CPU
		{11897DA3-A787-4D94-81B2-224EEF36E0CB}.Debug|Any CPU.Build.0 = Debug|Any CPU
		{11897DA3-A787-4D94-81B2-224EEF36E0CB}.Release|Any CPU.ActiveCfg = Release|Any CPU
		{11897DA3-A787-4D94-81B2-224EEF36E0CB}.Release|Any CPU.Build.0 = Release|Any CPU
	EndGlobalSection
	GlobalSection(SolutionProperties) = preSolution
		HideSolutionNode = FALSE
	EndGlobalSection
	GlobalSection(ExtensibilityGlobals) = postSolution
		SolutionGuid = {E554F9FA-ADBD-4565-BAE1-B56DB92FED89}
	EndGlobalSection
EndGlobal
