{
  "name": "heroicons-tag-helper",
  "lockfileVersion": 2,
  "requires": true,
  "packages": {
    "": {
      "devDependencies": {
        "heroicons": "1.0.6"
      }
    },
    "node_modules/heroicons": {
      "version": "1.0.6",
      "resolved": "https://registry.npmjs.org/heroicons/-/heroicons-1.0.6.tgz",
      "integrity": "sha512-5bxTsG2hyNBF0l+BrFlZlR5YngQNMfl0ggJjIRkMSADBQbaZMoTg47OIQzq6f1mpEZ85HEIgSC4wt5AeFM9J2Q==",
      "dev": true
    }
  },
  "dependencies": {
    "heroicons": {
      "version": "1.0.6",
      "resolved": "https://registry.npmjs.org/heroicons/-/heroicons-1.0.6.tgz",
      "integrity": "sha512-5bxTsG2hyNBF0l+BrFlZlR5YngQNMfl0ggJjIRkMSADBQbaZMoTg47OIQzq6f1mpEZ85HEIgSC4wt5AeFM9J2Q==",
      "dev": true
    }
  }
}
