{
  "name": "heroicons-tag-helper",
  "lockfileVersion": 2,
  "requires": true,
  "packages": {
    "": {
      "devDependencies": {
        "heroicons": "2.0.8"
      }
    },
    "node_modules/heroicons": {
      "version": "2.0.8",
      "resolved": "https://registry.npmjs.org/heroicons/-/heroicons-2.0.8.tgz",
      "integrity": "sha512-0NPZGBpmsQIh//9WK4ZtlJpWj8WCW0fqDJQ+1DBEVbVIvb/iFILcVw1QLePY252SEykRIx4DWgZ4zrWVlOdCUg==",
      "dev": true
    }
  },
  "dependencies": {
    "heroicons": {
      "version": "2.0.8",
      "resolved": "https://registry.npmjs.org/heroicons/-/heroicons-2.0.8.tgz",
      "integrity": "sha512-0NPZGBpmsQIh//9WK4ZtlJpWj8WCW0fqDJQ+1DBEVbVIvb/iFILcVw1QLePY252SEykRIx4DWgZ4zrWVlOdCUg==",
      "dev": true
    }
  }
}
