{
  "name": "heroicons-tag-helper",
  "lockfileVersion": 2,
  "requires": true,
  "packages": {
    "": {
      "devDependencies": {
        "heroicons": "2.0.10"
      }
    },
    "node_modules/heroicons": {
      "version": "2.0.10",
      "resolved": "https://registry.npmjs.org/heroicons/-/heroicons-2.0.10.tgz",
      "integrity": "sha512-4f2UYy2cf2oHswZzdH2frENVk89RV/RLoNnDL577ulV1xsdTWBkM39Gzo2e9AXgTWJ3H95ol/Qs9JBSSU+APBg==",
      "dev": true
    }
  },
  "dependencies": {
    "heroicons": {
      "version": "2.0.10",
      "resolved": "https://registry.npmjs.org/heroicons/-/heroicons-2.0.10.tgz",
      "integrity": "sha512-4f2UYy2cf2oHswZzdH2frENVk89RV/RLoNnDL577ulV1xsdTWBkM39Gzo2e9AXgTWJ3H95ol/Qs9JBSSU+APBg==",
      "dev": true
    }
  }
}
